// !$*UTF8*$!
{
	archiveVersion = 1;
	classes = {
	};
	objectVersion = 46;
	objects = {

/* Begin PBXBuildFile section */
		2FF73DAD1BFB30770080930E /* AppDelegate.swift in Sources */ = {isa = PBXBuildFile; fileRef = 2FF73DAC1BFB30770080930E /* AppDelegate.swift */; };
		2FF73DAF1BFB30770080930E /* ViewController.swift in Sources */ = {isa = PBXBuildFile; fileRef = 2FF73DAE1BFB30770080930E /* ViewController.swift */; };
		2FF73DB21BFB30770080930E /* Main.storyboard in Resources */ = {isa = PBXBuildFile; fileRef = 2FF73DB01BFB30770080930E /* Main.storyboard */; };
		2FF73DB41BFB30770080930E /* Assets.xcassets in Resources */ = {isa = PBXBuildFile; fileRef = 2FF73DB31BFB30770080930E /* Assets.xcassets */; };
		2FF73DB71BFB30770080930E /* LaunchScreen.storyboard in Resources */ = {isa = PBXBuildFile; fileRef = 2FF73DB51BFB30770080930E /* LaunchScreen.storyboard */; };
		2FF73DC21BFB30770080930E /* NCZ_DBDTTests.swift in Sources */ = {isa = PBXBuildFile; fileRef = 2FF73DC11BFB30770080930E /* NCZ_DBDTTests.swift */; };
		2FF73DCD1BFB30770080930E /* NCZ_DBDTUITests.swift in Sources */ = {isa = PBXBuildFile; fileRef = 2FF73DCC1BFB30770080930E /* NCZ_DBDTUITests.swift */; };
		2FF73DDD1BFB5A320080930E /* NCZImage.swift in Sources */ = {isa = PBXBuildFile; fileRef = 2FF73DDC1BFB5A320080930E /* NCZImage.swift */; settings = {ASSET_TAGS = (); }; };
		2FF73DDF1BFB67430080930E /* ChannelViewController.swift in Sources */ = {isa = PBXBuildFile; fileRef = 2FF73DDE1BFB67430080930E /* ChannelViewController.swift */; settings = {ASSET_TAGS = (); }; };
/* End PBXBuildFile section */

/* Begin PBXContainerItemProxy section */
		2FF73DBE1BFB30770080930E /* PBXContainerItemProxy */ = {
			isa = PBXContainerItemProxy;
			containerPortal = 2FF73DA11BFB30770080930E /* Project object */;
			proxyType = 1;
			remoteGlobalIDString = 2FF73DA81BFB30770080930E;
			remoteInfo = NCZ_DBDT;
		};
		2FF73DC91BFB30770080930E /* PBXContainerItemProxy */ = {
			isa = PBXContainerItemProxy;
			containerPortal = 2FF73DA11BFB30770080930E /* Project object */;
			proxyType = 1;
			remoteGlobalIDString = 2FF73DA81BFB30770080930E;
			remoteInfo = NCZ_DBDT;
		};
/* End PBXContainerItemProxy section */

/* Begin PBXFileReference section */
		2FF73DA91BFB30770080930E /* NCZ_DBDT.app */ = {isa = PBXFileReference; explicitFileType = wrapper.application; includeInIndex = 0; path = NCZ_DBDT.app; sourceTree = BUILT_PRODUCTS_DIR; };
		2FF73DAC1BFB30770080930E /* AppDelegate.swift */ = {isa = PBXFileReference; lastKnownFileType = sourcecode.swift; path = AppDelegate.swift; sourceTree = "<group>"; };
		2FF73DAE1BFB30770080930E /* ViewController.swift */ = {isa = PBXFileReference; lastKnownFileType = sourcecode.swift; path = ViewController.swift; sourceTree = "<group>"; };
		2FF73DB11BFB30770080930E /* Base */ = {isa = PBXFileReference; lastKnownFileType = file.storyboard; name = Base; path = Base.lproj/Main.storyboard; sourceTree = "<group>"; };
		2FF73DB31BFB30770080930E /* Assets.xcassets */ = {isa = PBXFileReference; lastKnownFileType = folder.assetcatalog; path = Assets.xcassets; sourceTree = "<group>"; };
		2FF73DB61BFB30770080930E /* Base */ = {isa = PBXFileReference; lastKnownFileType = file.storyboard; name = Base; path = Base.lproj/LaunchScreen.storyboard; sourceTree = "<group>"; };
		2FF73DB81BFB30770080930E /* Info.plist */ = {isa = PBXFileReference; lastKnownFileType = text.plist.xml; path = Info.plist; sourceTree = "<group>"; };
		2FF73DBD1BFB30770080930E /* NCZ_DBDTTests.xctest */ = {isa = PBXFileReference; explicitFileType = wrapper.cfbundle; includeInIndex = 0; path = NCZ_DBDTTests.xctest; sourceTree = BUILT_PRODUCTS_DIR; };
		2FF73DC11BFB30770080930E /* NCZ_DBDTTests.swift */ = {isa = PBXFileReference; lastKnownFileType = sourcecode.swift; path = NCZ_DBDTTests.swift; sourceTree = "<group>"; };
		2FF73DC31BFB30770080930E /* Info.plist */ = {isa = PBXFileReference; lastKnownFileType = text.plist.xml; path = Info.plist; sourceTree = "<group>"; };
		2FF73DC81BFB30770080930E /* NCZ_DBDTUITests.xctest */ = {isa = PBXFileReference; explicitFileType = wrapper.cfbundle; includeInIndex = 0; path = NCZ_DBDTUITests.xctest; sourceTree = BUILT_PRODUCTS_DIR; };
		2FF73DCC1BFB30770080930E /* NCZ_DBDTUITests.swift */ = {isa = PBXFileReference; lastKnownFileType = sourcecode.swift; path = NCZ_DBDTUITests.swift; sourceTree = "<group>"; };
		2FF73DCE1BFB30770080930E /* Info.plist */ = {isa = PBXFileReference; lastKnownFileType = text.plist.xml; path = Info.plist; sourceTree = "<group>"; };
		2FF73DDC1BFB5A320080930E /* NCZImage.swift */ = {isa = PBXFileReference; fileEncoding = 4; lastKnownFileType = sourcecode.swift; path = NCZImage.swift; sourceTree = "<group>"; };
		2FF73DDE1BFB67430080930E /* ChannelViewController.swift */ = {isa = PBXFileReference; fileEncoding = 4; lastKnownFileType = sourcecode.swift; path = ChannelViewController.swift; sourceTree = "<group>"; };
/* End PBXFileReference section */

/* Begin PBXFrameworksBuildPhase section */
		2FF73DA61BFB30770080930E /* Frameworks */ = {
			isa = PBXFrameworksBuildPhase;
			buildActionMask = 2147483647;
			files = (
			);
			runOnlyForDeploymentPostprocessing = 0;
		};
		2FF73DBA1BFB30770080930E /* Frameworks */ = {
			isa = PBXFrameworksBuildPhase;
			buildActionMask = 2147483647;
			files = (
			);
			runOnlyForDeploymentPostprocessing = 0;
		};
		2FF73DC51BFB30770080930E /* Frameworks */ = {
			isa = PBXFrameworksBuildPhase;
			buildActionMask = 2147483647;
			files = (
			);
			runOnlyForDeploymentPostprocessing = 0;
		};
/* End PBXFrameworksBuildPhase section */

/* Begin PBXGroup section */
		2FF73DA01BFB30770080930E = {
			isa = PBXGroup;
			children = (
				2FF73DAB1BFB30770080930E /* NCZ_DBDT */,
				2FF73DC01BFB30770080930E /* NCZ_DBDTTests */,
				2FF73DCB1BFB30770080930E /* NCZ_DBDTUITests */,
				2FF73DAA1BFB30770080930E /* Products */,
			);
			sourceTree = "<group>";
		};
		2FF73DAA1BFB30770080930E /* Products */ = {
			isa = PBXGroup;
			children = (
				2FF73DA91BFB30770080930E /* NCZ_DBDT.app */,
				2FF73DBD1BFB30770080930E /* NCZ_DBDTTests.xctest */,
				2FF73DC81BFB30770080930E /* NCZ_DBDTUITests.xctest */,
			);
			name = Products;
			sourceTree = "<group>";
		};
		2FF73DAB1BFB30770080930E /* NCZ_DBDT */ = {
			isa = PBXGroup;
			children = (
				2FF73DAC1BFB30770080930E /* AppDelegate.swift */,
				2FF73DAE1BFB30770080930E /* ViewController.swift */,
				2FF73DDE1BFB67430080930E /* ChannelViewController.swift */,
				2FF73DB01BFB30770080930E /* Main.storyboard */,
				2FF73DDC1BFB5A320080930E /* NCZImage.swift */,
				2FF73DB31BFB30770080930E /* Assets.xcassets */,
				2FF73DB51BFB30770080930E /* LaunchScreen.storyboard */,
				2FF73DB81BFB30770080930E /* Info.plist */,
			);
			path = NCZ_DBDT;
			sourceTree = "<group>";
		};
		2FF73DC01BFB30770080930E /* NCZ_DBDTTests */ = {
			isa = PBXGroup;
			children = (
				2FF73DC11BFB30770080930E /* NCZ_DBDTTests.swift */,
				2FF73DC31BFB30770080930E /* Info.plist */,
			);
			path = NCZ_DBDTTests;
			sourceTree = "<group>";
		};
		2FF73DCB1BFB30770080930E /* NCZ_DBDTUITests */ = {
			isa = PBXGroup;
			children = (
				2FF73DCC1BFB30770080930E /* NCZ_DBDTUITests.swift */,
				2FF73DCE1BFB30770080930E /* Info.plist */,
			);
			path = NCZ_DBDTUITests;
			sourceTree = "<group>";
		};
/* End PBXGroup section */

/* Begin PBXNativeTarget section */
		2FF73DA81BFB30770080930E /* NCZ_DBDT */ = {
			isa = PBXNativeTarget;
			buildConfigurationList = 2FF73DD11BFB30770080930E /* Build configuration list for PBXNativeTarget "NCZ_DBDT" */;
			buildPhases = (
				2FF73DA51BFB30770080930E /* Sources */,
				2FF73DA61BFB30770080930E /* Frameworks */,
				2FF73DA71BFB30770080930E /* Resources */,
			);
			buildRules = (
			);
			dependencies = (
			);
			name = NCZ_DBDT;
			productName = NCZ_DBDT;
			productReference = 2FF73DA91BFB30770080930E /* NCZ_DBDT.app */;
			productType = "com.apple.product-type.application";
		};
		2FF73DBC1BFB30770080930E /* NCZ_DBDTTests */ = {
			isa = PBXNativeTarget;
			buildConfigurationList = 2FF73DD41BFB30770080930E /* Build configuration list for PBXNativeTarget "NCZ_DBDTTests" */;
			buildPhases = (
				2FF73DB91BFB30770080930E /* Sources */,
				2FF73DBA1BFB30770080930E /* Frameworks */,
				2FF73DBB1BFB30770080930E /* Resources */,
			);
			buildRules = (
			);
			dependencies = (
				2FF73DBF1BFB30770080930E /* PBXTargetDependency */,
			);
			name = NCZ_DBDTTests;
			productName = NCZ_DBDTTests;
			productReference = 2FF73DBD1BFB30770080930E /* NCZ_DBDTTests.xctest */;
			productType = "com.apple.product-type.bundle.unit-test";
		};
		2FF73DC71BFB30770080930E /* NCZ_DBDTUITests */ = {
			isa = PBXNativeTarget;
			buildConfigurationList = 2FF73DD71BFB30770080930E /* Build configuration list for PBXNativeTarget "NCZ_DBDTUITests" */;
			buildPhases = (
				2FF73DC41BFB30770080930E /* Sources */,
				2FF73DC51BFB30770080930E /* Frameworks */,
				2FF73DC61BFB30770080930E /* Resources */,
			);
			buildRules = (
			);
			dependencies = (
				2FF73DCA1BFB30770080930E /* PBXTargetDependency */,
			);
			name = NCZ_DBDTUITests;
			productName = NCZ_DBDTUITests;
			productReference = 2FF73DC81BFB30770080930E /* NCZ_DBDTUITests.xctest */;
			productType = "com.apple.product-type.bundle.ui-testing";
		};
/* End PBXNativeTarget section */

/* Begin PBXProject section */
		2FF73DA11BFB30770080930E /* Project object */ = {
			isa = PBXProject;
			attributes = {
				LastUpgradeCheck = 0700;
				ORGANIZATIONNAME = "弄潮者";
				TargetAttributes = {
					2FF73DA81BFB30770080930E = {
						CreatedOnToolsVersion = 7.0.1;
					};
					2FF73DBC1BFB30770080930E = {
						CreatedOnToolsVersion = 7.0.1;
						TestTargetID = 2FF73DA81BFB30770080930E;
					};
					2FF73DC71BFB30770080930E = {
						CreatedOnToolsVersion = 7.0.1;
						TestTargetID = 2FF73DA81BFB30770080930E;
					};
				};
			};
			buildConfigurationList = 2FF73DA41BFB30770080930E /* Build configuration list for PBXProject "NCZ_DBDT" */;
			compatibilityVersion = "Xcode 3.2";
			developmentRegion = English;
			hasScannedForEncodings = 0;
			knownRegions = (
				en,
				Base,
			);
			mainGroup = 2FF73DA01BFB30770080930E;
			productRefGroup = 2FF73DAA1BFB30770080930E /* Products */;
			projectDirPath = "";
			projectRoot = "";
			targets = (
				2FF73DA81BFB30770080930E /* NCZ_DBDT */,
				2FF73DBC1BFB30770080930E /* NCZ_DBDTTests */,
				2FF73DC71BFB30770080930E /* NCZ_DBDTUITests */,
			);
		};
/* End PBXProject section */

/* Begin PBXResourcesBuildPhase section */
		2FF73DA71BFB30770080930E /* Resources */ = {
			isa = PBXResourcesBuildPhase;
			buildActionMask = 2147483647;
			files = (
				2FF73DB71BFB30770080930E /* LaunchScreen.storyboard in Resources */,
				2FF73DB41BFB30770080930E /* Assets.xcassets in Resources */,
				2FF73DB21BFB30770080930E /* Main.storyboard in Resources */,
			);
			runOnlyForDeploymentPostprocessing = 0;
		};
		2FF73DBB1BFB30770080930E /* Resources */ = {
			isa = PBXResourcesBuildPhase;
			buildActionMask = 2147483647;
			files = (
			);
			runOnlyForDeploymentPostprocessing = 0;
		};
		2FF73DC61BFB30770080930E /* Resources */ = {
			isa = PBXResourcesBuildPhase;
			buildActionMask = 2147483647;
			files = (
			);
			runOnlyForDeploymentPostprocessing = 0;
		};
/* End PBXResourcesBuildPhase section */

/* Begin PBXSourcesBuildPhase section */
		2FF73DA51BFB30770080930E /* Sources */ = {
			isa = PBXSourcesBuildPhase;
			buildActionMask = 2147483647;
			files = (
				2FF73DAF1BFB30770080930E /* ViewController.swift in Sources */,
				2FF73DAD1BFB30770080930E /* AppDelegate.swift in Sources */,
				2FF73DDF1BFB67430080930E /* ChannelViewController.swift in Sources */,
				2FF73DDD1BFB5A320080930E /* NCZImage.swift in Sources */,
			);
			runOnlyForDeploymentPostprocessing = 0;
		};
		2FF73DB91BFB30770080930E /* Sources */ = {
			isa = PBXSourcesBuildPhase;
			buildActionMask = 2147483647;
			files = (
				2FF73DC21BFB30770080930E /* NCZ_DBDTTests.swift in Sources */,
			);
			runOnlyForDeploymentPostprocessing = 0;
		};
		2FF73DC41BFB30770080930E /* Sources */ = {
			isa = PBXSourcesBuildPhase;
			buildActionMask = 2147483647;
			files = (
				2FF73DCD1BFB30770080930E /* NCZ_DBDTUITests.swift in Sources */,
			);
			runOnlyForDeploymentPostprocessing = 0;
		};
/* End PBXSourcesBuildPhase section */

/* Begin PBXTargetDependency section */
		2FF73DBF1BFB30770080930E /* PBXTargetDependency */ = {
			isa = PBXTargetDependency;
			target = 2FF73DA81BFB30770080930E /* NCZ_DBDT */;
			targetProxy = 2FF73DBE1BFB30770080930E /* PBXContainerItemProxy */;
		};
		2FF73DCA1BFB30770080930E /* PBXTargetDependency */ = {
			isa = PBXTargetDependency;
			target = 2FF73DA81BFB30770080930E /* NCZ_DBDT */;
			targetProxy = 2FF73DC91BFB30770080930E /* PBXContainerItemProxy */;
		};
/* End PBXTargetDependency section */

/* Begin PBXVariantGroup section */
		2FF73DB01BFB30770080930E /* Main.storyboard */ = {
			isa = PBXVariantGroup;
			children = (
				2FF73DB11BFB30770080930E /* Base */,
			);
			name = Main.storyboard;
			sourceTree = "<group>";
		};
		2FF73DB51BFB30770080930E /* LaunchScreen.storyboard */ = {
			isa = PBXVariantGroup;
			children = (
				2FF73DB61BFB30770080930E /* Base */,
			);
			name = LaunchScreen.storyboard;
			sourceTree = "<group>";
		};
/* End PBXVariantGroup section */

/* Begin XCBuildConfiguration section */
		2FF73DCF1BFB30770080930E /* Debug */ = {
			isa = XCBuildConfiguration;
			buildSettings = {
				ALWAYS_SEARCH_USER_PATHS = NO;
				CLANG_CXX_LANGUAGE_STANDARD = "gnu++0x";
				CLANG_CXX_LIBRARY = "libc++";
				CLANG_ENABLE_MODULES = YES;
				CLANG_ENABLE_OBJC_ARC = YES;
				CLANG_WARN_BOOL_CONVERSION = YES;
				CLANG_WARN_CONSTANT_CONVERSION = YES;
				CLANG_WARN_DIRECT_OBJC_ISA_USAGE = YES_ERROR;
				CLANG_WARN_EMPTY_BODY = YES;
				CLANG_WARN_ENUM_CONVERSION = YES;
				CLANG_WARN_INT_CONVERSION = YES;
				CLANG_WARN_OBJC_ROOT_CLASS = YES_ERROR;
				CLANG_WARN_UNREACHABLE_CODE = YES;
				CLANG_WARN__DUPLICATE_METHOD_MATCH = YES;
				"CODE_SIGN_IDENTITY[sdk=iphoneos*]" = "iPhone Developer";
				COPY_PHASE_STRIP = NO;
				DEBUG_INFORMATION_FORMAT = dwarf;
				ENABLE_STRICT_OBJC_MSGSEND = YES;
				ENABLE_TESTABILITY = YES;
				GCC_C_LANGUAGE_STANDARD = gnu99;
				GCC_DYNAMIC_NO_PIC = NO;
				GCC_NO_COMMON_BLOCKS = YES;
				GCC_OPTIMIZATION_LEVEL = 0;
				GCC_PREPROCESSOR_DEFINITIONS = (
					"DEBUG=1",
					"$(inherited)",
				);
				GCC_WARN_64_TO_32_BIT_CONVERSION = YES;
				GCC_WARN_ABOUT_RETURN_TYPE = YES_ERROR;
				GCC_WARN_UNDECLARED_SELECTOR = YES;
				GCC_WARN_UNINITIALIZED_AUTOS = YES_AGGRESSIVE;
				GCC_WARN_UNUSED_FUNCTION = YES;
				GCC_WARN_UNUSED_VARIABLE = YES;
				IPHONEOS_DEPLOYMENT_TARGET = 9.0;
				MTL_ENABLE_DEBUG_INFO = YES;
				ONLY_ACTIVE_ARCH = YES;
				SDKROOT = iphoneos;
				SWIFT_OPTIMIZATION_LEVEL = "-Onone";
			};
			name = Debug;
		};
		2FF73DD01BFB30770080930E /* Release */ = {
			isa = XCBuildConfiguration;
			buildSettings = {
				ALWAYS_SEARCH_USER_PATHS = NO;
				CLANG_CXX_LANGUAGE_STANDARD = "gnu++0x";
				CLANG_CXX_LIBRARY = "libc++";
				CLANG_ENABLE_MODULES = YES;
				CLANG_ENABLE_OBJC_ARC = YES;
				CLANG_WARN_BOOL_CONVERSION = YES;
				CLANG_WARN_CONSTANT_CONVERSION = YES;
				CLANG_WARN_DIRECT_OBJC_ISA_USAGE = YES_ERROR;
				CLANG_WARN_EMPTY_BODY = YES;
				CLANG_WARN_ENUM_CONVERSION = YES;
				CLANG_WARN_INT_CONVERSION = YES;
				CLANG_WARN_OBJC_ROOT_CLASS = YES_ERROR;
				CLANG_WARN_UNREACHABLE_CODE = YES;
				CLANG_WARN__DUPLICATE_METHOD_MATCH = YES;
				"CODE_SIGN_IDENTITY[sdk=iphoneos*]" = "iPhone Developer";
				COPY_PHASE_STRIP = NO;
				DEBUG_INFORMATION_FORMAT = "dwarf-with-dsym";
				ENABLE_NS_ASSERTIONS = NO;
				ENABLE_STRICT_OBJC_MSGSEND = YES;
				GCC_C_LANGUAGE_STANDARD = gnu99;
				GCC_NO_COMMON_BLOCKS = YES;
				GCC_WARN_64_TO_32_BIT_CONVERSION = YES;
				GCC_WARN_ABOUT_RETURN_TYPE = YES_ERROR;
				GCC_WARN_UNDECLARED_SELECTOR = YES;
				GCC_WARN_UNINITIALIZED_AUTOS = YES_AGGRESSIVE;
				GCC_WARN_UNUSED_FUNCTION = YES;
				GCC_WARN_UNUSED_VARIABLE = YES;
				IPHONEOS_DEPLOYMENT_TARGET = 9.0;
				MTL_ENABLE_DEBUG_INFO = NO;
				SDKROOT = iphoneos;
				VALIDATE_PRODUCT = YES;
			};
			name = Release;
		};
		2FF73DD21BFB30770080930E /* Debug */ = {
			isa = XCBuildConfiguration;
			buildSettings = {
				ASSETCATALOG_COMPILER_APPICON_NAME = AppIcon;
				INFOPLIST_FILE = NCZ_DBDT/Info.plist;
				LD_RUNPATH_SEARCH_PATHS = "$(inherited) @executable_path/Frameworks";
				PRODUCT_BUNDLE_IDENTIFIER = "Zane.NCZ-DBDT";
				PRODUCT_NAME = "$(TARGET_NAME)";
			};
			name = Debug;
		};
		2FF73DD31BFB30770080930E /* Release */ = {
			isa = XCBuildConfiguration;
			buildSettings = {
				ASSETCATALOG_COMPILER_APPICON_NAME = AppIcon;
				INFOPLIST_FILE = NCZ_DBDT/Info.plist;
				LD_RUNPATH_SEARCH_PATHS = "$(inherited) @executable_path/Frameworks";
				PRODUCT_BUNDLE_IDENTIFIER = "Zane.NCZ-DBDT";
				PRODUCT_NAME = "$(TARGET_NAME)";
			};
			name = Release;
		};
		2FF73DD51BFB30770080930E /* Debug */ = {
			isa = XCBuildConfiguration;
			buildSettings = {
				BUNDLE_LOADER = "$(TEST_HOST)";
				INFOPLIST_FILE = NCZ_DBDTTests/Info.plist;
				LD_RUNPATH_SEARCH_PATHS = "$(inherited) @executable_path/Frameworks @loader_path/Frameworks";
				PRODUCT_BUNDLE_IDENTIFIER = "Zane.NCZ-DBDTTests";
				PRODUCT_NAME = "$(TARGET_NAME)";
				TEST_HOST = "$(BUILT_PRODUCTS_DIR)/NCZ_DBDT.app/NCZ_DBDT";
			};
			name = Debug;
		};
		2FF73DD61BFB30770080930E /* Release */ = {
			isa = XCBuildConfiguration;
			buildSettings = {
				BUNDLE_LOADER = "$(TEST_HOST)";
				INFOPLIST_FILE = NCZ_DBDTTests/Info.plist;
				LD_RUNPATH_SEARCH_PATHS = "$(inherited) @executable_path/Frameworks @loader_path/Frameworks";
				PRODUCT_BUNDLE_IDENTIFIER = "Zane.NCZ-DBDTTests";
				PRODUCT_NAME = "$(TARGET_NAME)";
				TEST_HOST = "$(BUILT_PRODUCTS_DIR)/NCZ_DBDT.app/NCZ_DBDT";
			};
			name = Release;
		};
		2FF73DD81BFB30770080930E /* Debug */ = {
			isa = XCBuildConfiguration;
			buildSettings = {
				INFOPLIST_FILE = NCZ_DBDTUITests/Info.plist;
				LD_RUNPATH_SEARCH_PATHS = "$(inherited) @executable_path/Frameworks @loader_path/Frameworks";
				PRODUCT_BUNDLE_IDENTIFIER = "Zane.NCZ-DBDTUITests";
				PRODUCT_NAME = "$(TARGET_NAME)";
				TEST_TARGET_NAME = NCZ_DBDT;
				USES_XCTRUNNER = YES;
			};
			name = Debug;
		};
		2FF73DD91BFB30770080930E /* Release */ = {
			isa = XCBuildConfiguration;
			buildSettings = {
				INFOPLIST_FILE = NCZ_DBDTUITests/Info.plist;
				LD_RUNPATH_SEARCH_PATHS = "$(inherited) @executable_path/Frameworks @loader_path/Frameworks";
				PRODUCT_BUNDLE_IDENTIFIER = "Zane.NCZ-DBDTUITests";
				PRODUCT_NAME = "$(TARGET_NAME)";
				TEST_TARGET_NAME = NCZ_DBDT;
				USES_XCTRUNNER = YES;
			};
			name = Release;
		};
/* End XCBuildConfiguration section */

/* Begin XCConfigurationList section */
		2FF73DA41BFB30770080930E /* Build configuration list for PBXProject "NCZ_DBDT" */ = {
			isa = XCConfigurationList;
			buildConfigurations = (
				2FF73DCF1BFB30770080930E /* Debug */,
				2FF73DD01BFB30770080930E /* Release */,
			);
			defaultConfigurationIsVisible = 0;
			defaultConfigurationName = Release;
		};
		2FF73DD11BFB30770080930E /* Build configuration list for PBXNativeTarget "NCZ_DBDT" */ = {
			isa = XCConfigurationList;
			buildConfigurations = (
				2FF73DD21BFB30770080930E /* Debug */,
				2FF73DD31BFB30770080930E /* Release */,
			);
			defaultConfigurationIsVisible = 0;
		};
		2FF73DD41BFB30770080930E /* Build configuration list for PBXNativeTarget "NCZ_DBDTTests" */ = {
			isa = XCConfigurationList;
			buildConfigurations = (
				2FF73DD51BFB30770080930E /* Debug */,
				2FF73DD61BFB30770080930E /* Release */,
			);
			defaultConfigurationIsVisible = 0;
		};
		2FF73DD71BFB30770080930E /* Build configuration list for PBXNativeTarget "NCZ_DBDTUITests" */ = {
			isa = XCConfigurationList;
			buildConfigurations = (
				2FF73DD81BFB30770080930E /* Debug */,
				2FF73DD91BFB30770080930E /* Release */,
			);
			defaultConfigurationIsVisible = 0;
		};
/* End XCConfigurationList section */
	};
	rootObject = 2FF73DA11BFB30770080930E /* Project object */;
}
